version = 1
revision = 3
requires-python = "==3.11.*"
resolution-markers = [
    "sys_platform == 'win32'",
]
supported-markers = [
    "sys_platform == 'win32'",
]

[[package]]
name = "ai4rfic"
version = "0.1.0"
source = { virtual = "." }
dependencies = [
    { name = "bottleneck", marker = "sys_platform == 'win32'" },
    { name = "joblib", marker = "sys_platform == 'win32'" },
    { name = "matplotlib", marker = "sys_platform == 'win32'" },
    { name = "numexpr", marker = "sys_platform == 'win32'" },
    { name = "numpy", marker = "sys_platform == 'win32'" },
    { name = "pandas", marker = "sys_platform == 'win32'" },
    { name = "pillow", marker = "sys_platform == 'win32'" },
    { name = "pyqt6", marker = "sys_platform == 'win32'" },
    { name = "scikit-learn", marker = "sys_platform == 'win32'" },
    { name = "scipy", marker = "sys_platform == 'win32'" },
    { name = "seaborn", marker = "sys_platform == 'win32'" },
    { name = "sympy", marker = "sys_platform == 'win32'" },
    { name = "torch", marker = "sys_platform == 'win32'" },
    { name = "torchaudio", marker = "sys_platform == 'win32'" },
    { name = "torchvision", marker = "sys_platform == 'win32'" },
    { name = "tqdm", marker = "sys_platform == 'win32'" },
    { name = "typing-extensions", marker = "sys_platform == 'win32'" },
]

[package.metadata]
requires-dist = [
    { name = "bottleneck", specifier = ">=1.6.0" },
    { name = "joblib", specifier = ">=1.5.3" },
    { name = "matplotlib", specifier = ">=3.10.8" },
    { name = "numexpr", specifier = ">=2.14.1" },
    { name = "numpy", specifier = ">=2.4.2" },
    { name = "pandas", specifier = ">=3.0.0" },
    { name = "pillow", specifier = ">=12.1.0" },
    { name = "pyqt6", specifier = ">=6.10.2" },
    { name = "scikit-learn", specifier = ">=1.8.0" },
    { name = "scipy", specifier = ">=1.17.0" },
    { name = "seaborn", specifier = ">=0.13.2" },
    { name = "sympy", specifier = ">=1.13.1" },
    { name = "torch", index = "https://download.pytorch.org/whl/nightly/cu128" },
    { name = "torchaudio", index = "https://download.pytorch.org/whl/nightly/cu128" },
    { name = "torchvision", index = "https://download.pytorch.org/whl/nightly/cu128" },
    { name = "tqdm", specifier = ">=4.67.3" },
    { name = "typing-extensions", specifier = ">=4.15.0" },
]

[[package]]
name = "bottleneck"
version = "1.6.0"
source = { registry = "https://pypi.org/simple" }
dependencies = [
    { name = "numpy", marker = "sys_platform == 'win32'" },
]
sdist = { url = "https://files.pythonhosted.org/packages/14/d8/6d641573e210768816023a64966d66463f2ce9fc9945fa03290c8a18f87c/bottleneck-1.6.0.tar.gz", hash = "sha256:028d46ee4b025ad9ab4d79924113816f825f62b17b87c9e1d0d8ce144a4a0e31", size = 104311, upload-time = "2025-09-08T16:30:38.617Z" }
wheels = [
    { url = "https://files.pythonhosted.org/packages/3b/b0/830ff80f8c74577d53034c494639eac7a0ffc70935c01ceadfbe77f590c2/bottleneck-1.6.0-cp311-cp311-win32.whl", hash = "sha256:1f78bad13ad190180f73cceb92d22f4101bde3d768f4647030089f704ae7cac7", size = 107831, upload-time = "2025-09-08T16:29:51.397Z" },
    { url = "https://files.pythonhosted.org/packages/6f/42/01d4920b0aa51fba503f112c90714547609bbe17b6ecfc1c7ae1da3183df/bottleneck-1.6.0-cp311-cp311-win_amd64.whl", hash = "sha256:8f2adef59fdb9edf2983fe3a4c07e5d1b677c43e5669f4711da2c3daad8321ad", size = 113358, upload-time = "2025-09-08T16:29:52.602Z" },
]

[[package]]
name = "colorama"
version = "0.4.6"
source = { registry = "https://pypi.org/simple" }
sdist = { url = "https://files.pythonhosted.org/packages/d8/53/6f443c9a4a8358a93a6792e2acffb9d9d5cb0a5cfd8802644b7b1c9a02e4/colorama-0.4.6.tar.gz", hash = "sha256:08695f5cb7ed6e0531a20572697297273c47b8cae5a63ffc6d6ed5c201be6e44", size = 27697, upload-time = "2022-10-25T02:36:22.414Z" }
wheels = [
    { url = "https://files.pythonhosted.org/packages/d1/d6/3965ed04c63042e047cb6a3e6ed1a63a35087b6a609aa3a15ed8ac56c221/colorama-0.4.6-py2.py3-none-any.whl", hash = "sha256:4f1d9991f5acc0ca119f9d443620b77f9d6b33703e51011c16baf57afb285fc6", size = 25335, upload-time = "2022-10-25T02:36:20.889Z" },
]

[[package]]
name = "contourpy"
version = "1.3.3"
source = { registry = "https://pypi.org/simple" }
dependencies = [
    { name = "numpy", marker = "sys_platform == 'win32'" },
]
sdist = { url = "https://files.pythonhosted.org/packages/58/01/1253e6698a07380cd31a736d248a3f2a50a7c88779a1813da27503cadc2a/contourpy-1.3.3.tar.gz", hash = "sha256:083e12155b210502d0bca491432bb04d56dc3432f95a979b429f2848c3dbe880", size = 13466174, upload-time = "2025-07-26T12:03:12.549Z" }
wheels = [
    { url = "https://files.pythonhosted.org/packages/75/3e/f2cc6cd56dc8cff46b1a56232eabc6feea52720083ea71ab15523daab796/contourpy-1.3.3-cp311-cp311-win32.whl", hash = "sha256:fd907ae12cd483cd83e414b12941c632a969171bf90fc937d0c9f268a31cafff", size = 183677, upload-time = "2025-07-26T12:01:17.088Z" },
    { url = "https://files.pythonhosted.org/packages/98/4b/9bd370b004b5c9d8045c6c33cf65bae018b27aca550a3f657cdc99acdbd8/contourpy-1.3.3-cp311-cp311-win_amd64.whl", hash = "sha256:3519428f6be58431c56581f1694ba8e50626f2dd550af225f82fb5f5814d2a42", size = 225234, upload-time = "2025-07-26T12:01:18.256Z" },
    { url = "https://files.pythonhosted.org/packages/d9/b6/71771e02c2e004450c12b1120a5f488cad2e4d5b590b1af8bad060360fe4/contourpy-1.3.3-cp311-cp311-win_arm64.whl", hash = "sha256:15ff10bfada4bf92ec8b31c62bf7c1834c244019b4a33095a68000d7075df470", size = 193123, upload-time = "2025-07-26T12:01:19.848Z" },
    { url = "https://files.pythonhosted.org/packages/0c/58/bd257695f39d05594ca4ad60df5bcb7e32247f9951fd09a9b8edb82d1daa/contourpy-1.3.3-pp311-pypy311_pp73-win_amd64.whl", hash = "sha256:3d1a3799d62d45c18bafd41c5fa05120b96a28079f2393af559b843d1a966a77", size = 225315, upload-time = "2025-07-26T12:02:58.801Z" },
]

[[package]]
name = "cycler"
version = "0.12.1"
source = { registry = "https://pypi.org/simple" }
sdist = { url = "https://files.pythonhosted.org/packages/a9/95/a3dbbb5028f35eafb79008e7522a75244477d2838f38cbb722248dabc2a8/cycler-0.12.1.tar.gz", hash = "sha256:88bb128f02ba341da8ef447245a9e138fae777f6a23943da4540077d3601eb1c", size = 7615, upload-time = "2023-10-07T05:32:18.335Z" }
wheels = [
    { url = "https://files.pythonhosted.org/packages/e7/05/c19819d5e3d95294a6f5947fb9b9629efb316b96de511b418c53d245aae6/cycler-0.12.1-py3-none-any.whl", hash = "sha256:85cef7cff222d8644161529808465972e51340599459b8ac3ccbac5a854e0d30", size = 8321, upload-time = "2023-10-07T05:32:16.783Z" },
]

[[package]]
name = "filelock"
version = "3.20.3"
source = { registry = "https://pypi.org/simple" }
sdist = { url = "https://files.pythonhosted.org/packages/1d/65/ce7f1b70157833bf3cb851b556a37d4547ceafc158aa9b34b36782f23696/filelock-3.20.3.tar.gz", hash = "sha256:18c57ee915c7ec61cff0ecf7f0f869936c7c30191bb0cf406f1341778d0834e1", size = 19485, upload-time = "2026-01-09T17:55:05.421Z" }
wheels = [
    { url = "https://files.pythonhosted.org/packages/b5/36/7fb70f04bf00bc646cd5bb45aa9eddb15e19437a28b8fb2b4a5249fac770/filelock-3.20.3-py3-none-any.whl", hash = "sha256:4b0dda527ee31078689fc205ec4f1c1bf7d56cf88b6dc9426c4f230e46c2dce1", size = 16701, upload-time = "2026-01-09T17:55:04.334Z" },
]

[[package]]
name = "fonttools"
version = "4.61.1"
source = { registry = "https://pypi.org/simple" }
sdist = { url = "https://files.pythonhosted.org/packages/ec/ca/cf17b88a8df95691275a3d77dc0a5ad9907f328ae53acbe6795da1b2f5ed/fonttools-4.61.1.tar.gz", hash = "sha256:6675329885c44657f826ef01d9e4fb33b9158e9d93c537d84ad8399539bc6f69", size = 3565756, upload-time = "2025-12-12T17:31:24.246Z" }
wheels = [
    { url = "https://files.pythonhosted.org/packages/99/f9/08ea7a38663328881384c6e7777bbefc46fd7d282adfd87a7d2b84ec9d50/fonttools-4.61.1-cp311-cp311-win32.whl", hash = "sha256:f79b168428351d11e10c5aeb61a74e1851ec221081299f4cf56036a95431c43a", size = 2280681, upload-time = "2025-12-12T17:29:59.943Z" },
    { url = "https://files.pythonhosted.org/packages/07/ad/37dd1ae5fa6e01612a1fbb954f0927681f282925a86e86198ccd7b15d515/fonttools-4.61.1-cp311-cp311-win_amd64.whl", hash = "sha256:fe2efccb324948a11dd09d22136fe2ac8a97d6c1347cf0b58a911dcd529f66b7", size = 2331951, upload-time = "2025-12-12T17:30:02.254Z" },
    { url = "https://files.pythonhosted.org/packages/c7/4e/ce75a57ff3aebf6fc1f4e9d508b8e5810618a33d900ad6c19eb30b290b97/fonttools-4.61.1-py3-none-any.whl", hash = "sha256:17d2bf5d541add43822bcf0c43d7d847b160c9bb01d15d5007d84e2217aaa371", size = 1148996, upload-time = "2025-12-12T17:31:21.03Z" },
]

[[package]]
name = "fsspec"
version = "2026.2.0"
source = { registry = "https://pypi.org/simple" }
sdist = { url = "https://files.pythonhosted.org/packages/51/7c/f60c259dcbf4f0c47cc4ddb8f7720d2dcdc8888c8e5ad84c73ea4531cc5b/fsspec-2026.2.0.tar.gz", hash = "sha256:6544e34b16869f5aacd5b90bdf1a71acb37792ea3ddf6125ee69a22a53fb8bff", size = 313441, upload-time = "2026-02-05T21:50:53.743Z" }
wheels = [
    { url = "https://files.pythonhosted.org/packages/e6/ab/fb21f4c939bb440104cc2b396d3be1d9b7a9fd3c6c2a53d98c45b3d7c954/fsspec-2026.2.0-py3-none-any.whl", hash = "sha256:98de475b5cb3bd66bedd5c4679e87b4fdfe1a3bf4d707b151b3c07e58c9a2437", size = 202505, upload-time = "2026-02-05T21:50:51.819Z" },
]

[[package]]
name = "jinja2"
version = "3.1.6"
source = { registry = "https://pypi.org/simple" }
dependencies = [
    { name = "markupsafe", marker = "sys_platform == 'win32'" },
]
sdist = { url = "https://files.pythonhosted.org/packages/df/bf/f7da0350254c0ed7c72f3e33cef02e048281fec7ecec5f032d4aac52226b/jinja2-3.1.6.tar.gz", hash = "sha256:0137fb05990d35f1275a587e9aee6d56da821fc83491a0fb838183be43f66d6d", size = 245115, upload-time = "2025-03-05T20:05:02.478Z" }
wheels = [
    { url = "https://files.pythonhosted.org/packages/62/a1/3d680cbfd5f4b8f15abc1d571870c5fc3e594bb582bc3b64ea099db13e56/jinja2-3.1.6-py3-none-any.whl", hash = "sha256:85ece4451f492d0c13c5dd7c13a64681a86afae63a5f347908daf103ce6d2f67", size = 134899, upload-time = "2025-03-05T20:05:00.369Z" },
]

[[package]]
name = "joblib"
version = "1.5.3"
source = { registry = "https://pypi.org/simple" }
sdist = { url = "https://files.pythonhosted.org/packages/41/f2/d34e8b3a08a9cc79a50b2208a93dce981fe615b64d5a4d4abee421d898df/joblib-1.5.3.tar.gz", hash = "sha256:8561a3269e6801106863fd0d6d84bb737be9e7631e33aaed3fb9ce5953688da3", size = 331603, upload-time = "2025-12-15T08:41:46.427Z" }
wheels = [
    { url = "https://files.pythonhosted.org/packages/7b/91/984aca2ec129e2757d1e4e3c81c3fcda9d0f85b74670a094cc443d9ee949/joblib-1.5.3-py3-none-any.whl", hash = "sha256:5fc3c5039fc5ca8c0276333a188bbd59d6b7ab37fe6632daa76bc7f9ec18e713", size = 309071, upload-time = "2025-12-15T08:41:44.973Z" },
]

[[package]]
name = "kiwisolver"
version = "1.4.9"
source = { registry = "https://pypi.org/simple" }
sdist = { url = "https://files.pythonhosted.org/packages/5c/3c/85844f1b0feb11ee581ac23fe5fce65cd049a200c1446708cc1b7f922875/kiwisolver-1.4.9.tar.gz", hash = "sha256:c3b22c26c6fd6811b0ae8363b95ca8ce4ea3c202d3d0975b2914310ceb1bcc4d", size = 97564, upload-time = "2025-08-10T21:27:49.279Z" }
wheels = [
    { url = "https://files.pythonhosted.org/packages/3b/c6/f8df8509fd1eee6c622febe54384a96cfaf4d43bf2ccec7a0cc17e4715c9/kiwisolver-1.4.9-cp311-cp311-win_amd64.whl", hash = "sha256:be6a04e6c79819c9a8c2373317d19a96048e5a3f90bec587787e86a1153883c2", size = 73840, upload-time = "2025-08-10T21:26:07.94Z" },
    { url = "https://files.pythonhosted.org/packages/e2/2d/16e0581daafd147bc11ac53f032a2b45eabac897f42a338d0a13c1e5c436/kiwisolver-1.4.9-cp311-cp311-win_arm64.whl", hash = "sha256:0ae37737256ba2de764ddc12aed4956460277f00c4996d51a197e72f62f5eec7", size = 65159, upload-time = "2025-08-10T21:26:09.048Z" },
    { url = "https://files.pythonhosted.org/packages/da/e9/0d4add7873a73e462aeb45c036a2dead2562b825aa46ba326727b3f31016/kiwisolver-1.4.9-pp311-pypy311_pp73-win_amd64.whl", hash = "sha256:fb940820c63a9590d31d88b815e7a3aa5915cad3ce735ab45f0c730b39547de1", size = 73929, upload-time = "2025-08-10T21:27:48.236Z" },
]

[[package]]
name = "markupsafe"
version = "3.0.3"
source = { registry = "https://pypi.org/simple" }
sdist = { url = "https://files.pythonhosted.org/packages/7e/99/7690b6d4034fffd95959cbe0c02de8deb3098cc577c67bb6a24fe5d7caa7/markupsafe-3.0.3.tar.gz", hash = "sha256:722695808f4b6457b320fdc131280796bdceb04ab50fe1795cd540799ebe1698", size = 80313, upload-time = "2025-09-27T18:37:40.426Z" }
wheels = [
    { url = "https://files.pythonhosted.org/packages/0f/62/d9c46a7f5c9adbeeeda52f5b8d802e1094e9717705a645efc71b0913a0a8/markupsafe-3.0.3-cp311-cp311-win32.whl", hash = "sha256:0db14f5dafddbb6d9208827849fad01f1a2609380add406671a26386cdf15a19", size = 14572, upload-time = "2025-09-27T18:36:28.045Z" },
    { url = "https://files.pythonhosted.org/packages/83/8a/4414c03d3f891739326e1783338e48fb49781cc915b2e0ee052aa490d586/markupsafe-3.0.3-cp311-cp311-win_amd64.whl", hash = "sha256:de8a88e63464af587c950061a5e6a67d3632e36df62b986892331d4620a35c01", size = 15077, upload-time = "2025-09-27T18:36:29.025Z" },
    { url = "https://files.pythonhosted.org/packages/35/73/893072b42e6862f319b5207adc9ae06070f095b358655f077f69a35601f0/markupsafe-3.0.3-cp311-cp311-win_arm64.whl", hash = "sha256:3b562dd9e9ea93f13d53989d23a7e775fdfd1066c33494ff43f5418bc8c58a5c", size = 13876, upload-time = "2025-09-27T18:36:29.954Z" },
]

[[package]]
name = "matplotlib"
version = "3.10.8"
source = { registry = "https://pypi.org/simple" }
dependencies = [
    { name = "contourpy", marker = "sys_platform == 'win32'" },
    { name = "cycler", marker = "sys_platform == 'win32'" },
    { name = "fonttools", marker = "sys_platform == 'win32'" },
    { name = "kiwisolver", marker = "sys_platform == 'win32'" },
    { name = "numpy", marker = "sys_platform == 'win32'" },
    { name = "packaging", marker = "sys_platform == 'win32'" },
    { name = "pillow", marker = "sys_platform == 'win32'" },
    { name = "pyparsing", marker = "sys_platform == 'win32'" },
    { name = "python-dateutil", marker = "sys_platform == 'win32'" },
]
sdist = { url = "https://files.pythonhosted.org/packages/8a/76/d3c6e3a13fe484ebe7718d14e269c9569c4eb0020a968a327acb3b9a8fe6/matplotlib-3.10.8.tar.gz", hash = "sha256:2299372c19d56bcd35cf05a2738308758d32b9eaed2371898d8f5bd33f084aa3", size = 34806269, upload-time = "2025-12-10T22:56:51.155Z" }
wheels = [
    { url = "https://files.pythonhosted.org/packages/6f/d3/a4bbc01c237ab710a1f22b4da72f4ff6d77eb4c7735ea9811a94ae239067/matplotlib-3.10.8-cp311-cp311-win_amd64.whl", hash = "sha256:18821ace09c763ec93aef5eeff087ee493a24051936d7b9ebcad9662f66501f9", size = 8135090, upload-time = "2025-12-10T22:55:27.162Z" },
    { url = "https://files.pythonhosted.org/packages/89/dd/a0b6588f102beab33ca6f5218b31725216577b2a24172f327eaf6417d5c9/matplotlib-3.10.8-cp311-cp311-win_arm64.whl", hash = "sha256:bab485bcf8b1c7d2060b4fcb6fc368a9e6f4cd754c9c2fea281f4be21df394a2", size = 8012377, upload-time = "2025-12-10T22:55:29.185Z" },
]

[[package]]
name = "mpmath"
version = "1.3.0"
source = { registry = "https://pypi.org/simple" }
sdist = { url = "https://files.pythonhosted.org/packages/e0/47/dd32fa426cc72114383ac549964eecb20ecfd886d1e5ccf5340b55b02f57/mpmath-1.3.0.tar.gz", hash = "sha256:7a28eb2a9774d00c7bc92411c19a89209d5da7c4c9a9e227be8330a23a25b91f", size = 508106, upload-time = "2023-03-07T16:47:11.061Z" }
wheels = [
    { url = "https://files.pythonhosted.org/packages/43/e3/7d92a15f894aa0c9c4b49b8ee9ac9850d6e63b03c9c32c0367a13ae62209/mpmath-1.3.0-py3-none-any.whl", hash = "sha256:a0b2b9fe80bbcd81a6647ff13108738cfb482d481d826cc0e02f5b35e5c88d2c", size = 536198, upload-time = "2023-03-07T16:47:09.197Z" },
]

[[package]]
name = "networkx"
version = "3.6.1"
source = { registry = "https://pypi.org/simple" }
sdist = { url = "https://files.pythonhosted.org/packages/6a/51/63fe664f3908c97be9d2e4f1158eb633317598cfa6e1fc14af5383f17512/networkx-3.6.1.tar.gz", hash = "sha256:26b7c357accc0c8cde558ad486283728b65b6a95d85ee1cd66bafab4c8168509", size = 2517025, upload-time = "2025-12-08T17:02:39.908Z" }
wheels = [
    { url = "https://files.pythonhosted.org/packages/9e/c9/b2622292ea83fbb4ec318f5b9ab867d0a28ab43c5717bb85b0a5f6b3b0a4/networkx-3.6.1-py3-none-any.whl", hash = "sha256:d47fbf302e7d9cbbb9e2555a0d267983d2aa476bac30e90dfbe5669bd57f3762", size = 2068504, upload-time = "2025-12-08T17:02:38.159Z" },
]

[[package]]
name = "numexpr"
version = "2.14.1"
source = { registry = "https://pypi.org/simple" }
dependencies = [
    { name = "numpy", marker = "sys_platform == 'win32'" },
]
sdist = { url = "https://files.pythonhosted.org/packages/cb/2f/fdba158c9dbe5caca9c3eca3eaffffb251f2fb8674bf8e2d0aed5f38d319/numexpr-2.14.1.tar.gz", hash = "sha256:4be00b1086c7b7a5c32e31558122b7b80243fe098579b170967da83f3152b48b", size = 119400, upload-time = "2025-10-13T16:17:27.351Z" }
wheels = [
    { url = "https://files.pythonhosted.org/packages/d0/b2/ddcf0ac6cf0a1d605e5aecd4281507fd79a9628a67896795ab2e975de5df/numexpr-2.14.1-cp311-cp311-win32.whl", hash = "sha256:db78fa0c9fcbaded3ae7453faf060bd7a18b0dc10299d7fcd02d9362be1213ed", size = 166838, upload-time = "2025-10-13T16:17:06.765Z" },
    { url = "https://files.pythonhosted.org/packages/64/72/4ca9bd97b2eb6dce9f5e70a3b6acec1a93e1fb9b079cb4cba2cdfbbf295d/numexpr-2.14.1-cp311-cp311-win_amd64.whl", hash = "sha256:e9b2f957798c67a2428be96b04bce85439bed05efe78eb78e4c2ca43737578e7", size = 160069, upload-time = "2025-10-13T16:17:08.752Z" },
]

[[package]]
name = "numpy"
version = "2.4.2"
source = { registry = "https://pypi.org/simple" }
sdist = { url = "https://files.pythonhosted.org/packages/57/fd/0005efbd0af48e55eb3c7208af93f2862d4b1a56cd78e84309a2d959208d/numpy-2.4.2.tar.gz", hash = "sha256:659a6107e31a83c4e33f763942275fd278b21d095094044eb35569e86a21ddae", size = 20723651, upload-time = "2026-01-31T23:13:10.135Z" }
wheels = [
    { url = "https://files.pythonhosted.org/packages/6c/0c/73e8be2f1accd56df74abc1c5e18527822067dced5ec0861b5bb882c2ce0/numpy-2.4.2-cp311-cp311-win32.whl", hash = "sha256:df1b10187212b198dd45fa943d8985a3c8cf854aed4923796e0e019e113a1bda", size = 6237915, upload-time = "2026-01-31T23:10:45.26Z" },
    { url = "https://files.pythonhosted.org/packages/76/ae/e0265e0163cf127c24c3969d29f1c4c64551a1e375d95a13d32eab25d364/numpy-2.4.2-cp311-cp311-win_amd64.whl", hash = "sha256:b9c618d56a29c9cb1c4da979e9899be7578d2e0b3c24d52079c166324c9e8695", size = 12607972, upload-time = "2026-01-31T23:10:47.021Z" },
    { url = "https://files.pythonhosted.org/packages/29/a5/c43029af9b8014d6ea157f192652c50042e8911f4300f8f6ed3336bf437f/numpy-2.4.2-cp311-cp311-win_arm64.whl", hash = "sha256:47c5a6ed21d9452b10227e5e8a0e1c22979811cad7dcc19d8e3e2fb8fa03f1a3", size = 10485763, upload-time = "2026-01-31T23:10:50.087Z" },
    { url = "https://files.pythonhosted.org/packages/de/e5/b7d20451657664b07986c2f6e3be564433f5dcaf3482d68eaecd79afaf03/numpy-2.4.2-pp311-pypy311_pp73-win_amd64.whl", hash = "sha256:be71bf1edb48ebbbf7f6337b5bfd2f895d1902f6335a5830b20141fc126ffba0", size = 12502577, upload-time = "2026-01-31T23:13:07.08Z" },
]

[[package]]
name = "packaging"
version = "26.0"
source = { registry = "https://pypi.org/simple" }
sdist = { url = "https://files.pythonhosted.org/packages/65/ee/299d360cdc32edc7d2cf530f3accf79c4fca01e96ffc950d8a52213bd8e4/packaging-26.0.tar.gz", hash = "sha256:00243ae351a257117b6a241061796684b084ed1c516a08c48a3f7e147a9d80b4", size = 143416, upload-time = "2026-01-21T20:50:39.064Z" }
wheels = [
    { url = "https://files.pythonhosted.org/packages/b7/b9/c538f279a4e237a006a2c98387d081e9eb060d203d8ed34467cc0f0b9b53/packaging-26.0-py3-none-any.whl", hash = "sha256:b36f1fef9334a5588b4166f8bcd26a14e521f2b55e6b9de3aaa80d3ff7a37529", size = 74366, upload-time = "2026-01-21T20:50:37.788Z" },
]

[[package]]
name = "pandas"
version = "3.0.0"
source = { registry = "https://pypi.org/simple" }
dependencies = [
    { name = "numpy", marker = "sys_platform == 'win32'" },
    { name = "python-dateutil", marker = "sys_platform == 'win32'" },
    { name = "tzdata", marker = "sys_platform == 'win32'" },
]
sdist = { url = "https://files.pythonhosted.org/packages/de/da/b1dc0481ab8d55d0f46e343cfe67d4551a0e14fcee52bd38ca1bd73258d8/pandas-3.0.0.tar.gz", hash = "sha256:0facf7e87d38f721f0af46fe70d97373a37701b1c09f7ed7aeeb292ade5c050f", size = 4633005, upload-time = "2026-01-21T15:52:04.726Z" }
wheels = [
    { url = "https://files.pythonhosted.org/packages/51/27/bf9436dd0a4fc3130acec0828951c7ef96a0631969613a9a35744baf27f6/pandas-3.0.0-cp311-cp311-win_amd64.whl", hash = "sha256:113b4cca2614ff7e5b9fee9b6f066618fe73c5a83e99d721ffc41217b2bf57dd", size = 9881576, upload-time = "2026-01-21T15:50:30.149Z" },
    { url = "https://files.pythonhosted.org/packages/e7/2b/c618b871fce0159fd107516336e82891b404e3f340821853c2fc28c7830f/pandas-3.0.0-cp311-cp311-win_arm64.whl", hash = "sha256:c14837eba8e99a8da1527c0280bba29b0eb842f64aa94982c5e21227966e164b", size = 9140807, upload-time = "2026-01-21T15:50:32.308Z" },
]

[[package]]
name = "pillow"
version = "12.1.0"
source = { registry = "https://pypi.org/simple" }
sdist = { url = "https://files.pythonhosted.org/packages/d0/02/d52c733a2452ef1ffcc123b68e6606d07276b0e358db70eabad7e40042b7/pillow-12.1.0.tar.gz", hash = "sha256:5c5ae0a06e9ea030ab786b0251b32c7e4ce10e58d983c0d5c56029455180b5b9", size = 46977283, upload-time = "2026-01-02T09:13:29.892Z" }
wheels = [
    { url = "https://files.pythonhosted.org/packages/8c/40/50d86571c9e5868c42b81fe7da0c76ca26373f3b95a8dd675425f4a92ec1/pillow-12.1.0-cp311-cp311-win32.whl", hash = "sha256:3ffaa2f0659e2f740473bcf03c702c39a8d4b2b7ffc629052028764324842c64", size = 6328655, upload-time = "2026-01-02T09:11:04.556Z" },
    { url = "https://files.pythonhosted.org/packages/6c/af/b1d7e301c4cd26cd45d4af884d9ee9b6fab893b0ad2450d4746d74a6968c/pillow-12.1.0-cp311-cp311-win_amd64.whl", hash = "sha256:806f3987ffe10e867bab0ddad45df1148a2b98221798457fa097ad85d6e8bc75", size = 7031469, upload-time = "2026-01-02T09:11:06.538Z" },
    { url = "https://files.pythonhosted.org/packages/48/36/d5716586d887fb2a810a4a61518a327a1e21c8b7134c89283af272efe84b/pillow-12.1.0-cp311-cp311-win_arm64.whl", hash = "sha256:9f5fefaca968e700ad1a4a9de98bf0869a94e397fe3524c4c9450c1445252304", size = 2452515, upload-time = "2026-01-02T09:11:08.226Z" },
    { url = "https://files.pythonhosted.org/packages/2d/71/64e9b1c7f04ae0027f788a248e6297d7fcc29571371fe7d45495a78172c0/pillow-12.1.0-pp311-pypy311_pp73-win_amd64.whl", hash = "sha256:75af0b4c229ac519b155028fa1be632d812a519abba9b46b20e50c6caa184f19", size = 7029809, upload-time = "2026-01-02T09:13:26.541Z" },
]

[[package]]
name = "pyparsing"
version = "3.3.2"
source = { registry = "https://pypi.org/simple" }
sdist = { url = "https://files.pythonhosted.org/packages/f3/91/9c6ee907786a473bf81c5f53cf703ba0957b23ab84c264080fb5a450416f/pyparsing-3.3.2.tar.gz", hash = "sha256:c777f4d763f140633dcb6d8a3eda953bf7a214dc4eff598413c070bcdc117cbc", size = 6851574, upload-time = "2026-01-21T03:57:59.36Z" }
wheels = [
    { url = "https://files.pythonhosted.org/packages/10/bd/c038d7cc38edc1aa5bf91ab8068b63d4308c66c4c8bb3cbba7dfbc049f9c/pyparsing-3.3.2-py3-none-any.whl", hash = "sha256:850ba148bd908d7e2411587e247a1e4f0327839c40e2e5e6d05a007ecc69911d", size = 122781, upload-time = "2026-01-21T03:57:55.912Z" },
]

[[package]]
name = "pyqt6"
version = "6.10.2"
source = { registry = "https://pypi.org/simple" }
dependencies = [
    { name = "pyqt6-qt6", marker = "sys_platform == 'win32'" },
    { name = "pyqt6-sip", marker = "sys_platform == 'win32'" },
]
sdist = { url = "https://files.pythonhosted.org/packages/96/03/e756f52e8b0d7bb5527baf8c46d59af0746391943bdb8655acba22ee4168/pyqt6-6.10.2.tar.gz", hash = "sha256:6c0db5d8cbb9a3e7e2b5b51d0ff3f283121fa27b864db6d2f35b663c9be5cc83", size = 1085573, upload-time = "2026-01-08T16:40:00.244Z" }
wheels = [
    { url = "https://files.pythonhosted.org/packages/75/34/be7a55529607b21db00a49ca53cb07c3092d2a5a95ea19bb95cfa0346904/pyqt6-6.10.2-cp39-abi3-win_amd64.whl", hash = "sha256:bd328cb70bc382c48861cd5f0a11b2b8ae6f5692d5a2d6679ba52785dced327b", size = 26015391, upload-time = "2026-01-08T16:39:42.946Z" },
    { url = "https://files.pythonhosted.org/packages/af/de/d9c88f976602b7884fec4ad54a4575d48e23e4f390e5357ea83917358846/pyqt6-6.10.2-cp39-abi3-win_arm64.whl", hash = "sha256:7901ba1df024b7ee9fdacfb2b7661aeb3749ae8b0bef65428077de3e0450eabb", size = 26208415, upload-time = "2026-01-08T16:39:57.751Z" },
]

[[package]]
name = "pyqt6-qt6"
version = "6.10.2"
source = { registry = "https://pypi.org/simple" }
wheels = [
    { url = "https://files.pythonhosted.org/packages/06/8e/595f215876d507417cc8565e05519916d3b0b76baedea6a1e4e5105633fc/pyqt6_qt6-6.10.2-py3-none-win_amd64.whl", hash = "sha256:c4b7f7d66cc58bddf1bc1ca28dfcf7a45f58cfcb11d81d13a0510409dd4957ac", size = 78433821, upload-time = "2026-01-29T12:29:35.493Z" },
    { url = "https://files.pythonhosted.org/packages/50/5f/2196e2b536217b87cb3d2ce13ef8f7607d08b02f1990a4bd84a88d293a3c/pyqt6_qt6-6.10.2-py3-none-win_arm64.whl", hash = "sha256:7164a6f0c1335358a3026df9865c8f75395b01f60f0dcd2f66c029ec16fc83d2", size = 58354426, upload-time = "2026-01-29T12:30:02.95Z" },
]

[[package]]
name = "pyqt6-sip"
version = "13.11.0"
source = { registry = "https://pypi.org/simple" }
sdist = { url = "https://files.pythonhosted.org/packages/e3/7d/d2916048e2e3960f68cb4e93907639844f7b8ff95897dcc98553776ccdfc/pyqt6_sip-13.11.0.tar.gz", hash = "sha256:d463af37738bda1856c9ef513e5620a37b7a005e9d589c986c3304db4a8a14d3", size = 92509, upload-time = "2026-01-13T16:01:32.16Z" }
wheels = [
    { url = "https://files.pythonhosted.org/packages/c0/d4/34f3fb522323a5336e31a51ab7ae3103ebc0c8e741bff9630f29480cdca2/pyqt6_sip-13.11.0-cp311-cp311-win_amd64.whl", hash = "sha256:341e52e702d41872515794dea6265ee56b8625c9d3c74ea0468124f0bd675f8b", size = 54101, upload-time = "2026-01-13T16:01:06.504Z" },
    { url = "https://files.pythonhosted.org/packages/a9/a1/37109ec33ead4b9cc62294b48a1ba2b4899cb0d009eb1763d61e3a89ab21/pyqt6_sip-13.11.0-cp311-cp311-win_arm64.whl", hash = "sha256:489fdd0910f8c1d5d40255b4cd7b45f4a4549f9a599512bc6b2cc8d384e28852", size = 48359, upload-time = "2026-01-13T16:01:07.732Z" },
]

[[package]]
name = "python-dateutil"
version = "2.9.0.post0"
source = { registry = "https://pypi.org/simple" }
dependencies = [
    { name = "six", marker = "sys_platform == 'win32'" },
]
sdist = { url = "https://files.pythonhosted.org/packages/66/c0/0c8b6ad9f17a802ee498c46e004a0eb49bc148f2fd230864601a86dcf6db/python-dateutil-2.9.0.post0.tar.gz", hash = "sha256:37dd54208da7e1cd875388217d5e00ebd4179249f90fb72437e91a35459a0ad3", size = 342432, upload-time = "2024-03-01T18:36:20.211Z" }
wheels = [
    { url = "https://files.pythonhosted.org/packages/ec/57/56b9bcc3c9c6a792fcbaf139543cee77261f3651ca9da0c93f5c1221264b/python_dateutil-2.9.0.post0-py2.py3-none-any.whl", hash = "sha256:a8b2bc7bffae282281c8140a97d3aa9c14da0b136dfe83f850eea9a5f7470427", size = 229892, upload-time = "2024-03-01T18:36:18.57Z" },
]

[[package]]
name = "scikit-learn"
version = "1.8.0"
source = { registry = "https://pypi.org/simple" }
dependencies = [
    { name = "joblib", marker = "sys_platform == 'win32'" },
    { name = "numpy", marker = "sys_platform == 'win32'" },
    { name = "scipy", marker = "sys_platform == 'win32'" },
    { name = "threadpoolctl", marker = "sys_platform == 'win32'" },
]
sdist = { url = "https://files.pythonhosted.org/packages/0e/d4/40988bf3b8e34feec1d0e6a051446b1f66225f8529b9309becaeef62b6c4/scikit_learn-1.8.0.tar.gz", hash = "sha256:9bccbb3b40e3de10351f8f5068e105d0f4083b1a65fa07b6634fbc401a6287fd", size = 7335585, upload-time = "2025-12-10T07:08:53.618Z" }
wheels = [
    { url = "https://files.pythonhosted.org/packages/89/3c/45c352094cfa60050bcbb967b1faf246b22e93cb459f2f907b600f2ceda5/scikit_learn-1.8.0-cp311-cp311-win_amd64.whl", hash = "sha256:c57b1b610bd1f40ba43970e11ce62821c2e6569e4d74023db19c6b26f246cb3b", size = 8081706, upload-time = "2025-12-10T07:07:48.111Z" },
    { url = "https://files.pythonhosted.org/packages/3d/46/5416595bb395757f754feb20c3d776553a386b661658fb21b7c814e89efe/scikit_learn-1.8.0-cp311-cp311-win_arm64.whl", hash = "sha256:2838551e011a64e3053ad7618dda9310175f7515f1742fa2d756f7c874c05961", size = 7688451, upload-time = "2025-12-10T07:07:49.873Z" },
]

[[package]]
name = "scipy"
version = "1.17.0"
source = { registry = "https://pypi.org/simple" }
dependencies = [
    { name = "numpy", marker = "sys_platform == 'win32'" },
]
sdist = { url = "https://files.pythonhosted.org/packages/56/3e/9cca699f3486ce6bc12ff46dc2031f1ec8eb9ccc9a320fdaf925f1417426/scipy-1.17.0.tar.gz", hash = "sha256:2591060c8e648d8b96439e111ac41fd8342fdeff1876be2e19dea3fe8930454e", size = 30396830, upload-time = "2026-01-10T21:34:23.009Z" }
wheels = [
    { url = "https://files.pythonhosted.org/packages/52/c8/08629657ac6c0da198487ce8cd3de78e02cfde42b7f34117d56a3fe249dc/scipy-1.17.0-cp311-cp311-win_amd64.whl", hash = "sha256:255c0da161bd7b32a6c898e7891509e8a9289f0b1c6c7d96142ee0d2b114c2ea", size = 36380284, upload-time = "2026-01-10T21:25:15.632Z" },
    { url = "https://files.pythonhosted.org/packages/6c/4a/465f96d42c6f33ad324a40049dfd63269891db9324aa66c4a1c108c6f994/scipy-1.17.0-cp311-cp311-win_arm64.whl", hash = "sha256:85b0ac3ad17fa3be50abd7e69d583d98792d7edc08367e01445a1e2076005379", size = 24370427, upload-time = "2026-01-10T21:25:20.514Z" },
]

[[package]]
name = "seaborn"
version = "0.13.2"
source = { registry = "https://pypi.org/simple" }
dependencies = [
    { name = "matplotlib", marker = "sys_platform == 'win32'" },
    { name = "numpy", marker = "sys_platform == 'win32'" },
    { name = "pandas", marker = "sys_platform == 'win32'" },
]
sdist = { url = "https://files.pythonhosted.org/packages/86/59/a451d7420a77ab0b98f7affa3a1d78a313d2f7281a57afb1a34bae8ab412/seaborn-0.13.2.tar.gz", hash = "sha256:93e60a40988f4d65e9f4885df477e2fdaff6b73a9ded434c1ab356dd57eefff7", size = 1457696, upload-time = "2024-01-25T13:21:52.551Z" }
wheels = [
    { url = "https://files.pythonhosted.org/packages/83/11/00d3c3dfc25ad54e731d91449895a79e4bf2384dc3ac01809010ba88f6d5/seaborn-0.13.2-py3-none-any.whl", hash = "sha256:636f8336facf092165e27924f223d3c62ca560b1f2bb5dff7ab7fad265361987", size = 294914, upload-time = "2024-01-25T13:21:49.598Z" },
]

[[package]]
name = "six"
version = "1.17.0"
source = { registry = "https://pypi.org/simple" }
sdist = { url = "https://files.pythonhosted.org/packages/94/e7/b2c673351809dca68a0e064b6af791aa332cf192da575fd474ed7d6f16a2/six-1.17.0.tar.gz", hash = "sha256:ff70335d468e7eb6ec65b95b99d3a2836546063f63acc5171de367e834932a81", size = 34031, upload-time = "2024-12-04T17:35:28.174Z" }
wheels = [
    { url = "https://files.pythonhosted.org/packages/b7/ce/149a00dd41f10bc29e5921b496af8b574d8413afcd5e30dfa0ed46c2cc5e/six-1.17.0-py2.py3-none-any.whl", hash = "sha256:4721f391ed90541fddacab5acf947aa0d3dc7d27b2e1e8eda2be8970586c3274", size = 11050, upload-time = "2024-12-04T17:35:26.475Z" },
]

[[package]]
name = "sympy"
version = "1.14.0"
source = { registry = "https://pypi.org/simple" }
dependencies = [
    { name = "mpmath", marker = "sys_platform == 'win32'" },
]
sdist = { url = "https://files.pythonhosted.org/packages/83/d3/803453b36afefb7c2bb238361cd4ae6125a569b4db67cd9e79846ba2d68c/sympy-1.14.0.tar.gz", hash = "sha256:d3d3fe8df1e5a0b42f0e7bdf50541697dbe7d23746e894990c030e2b05e72517", size = 7793921, upload-time = "2025-04-27T18:05:01.611Z" }
wheels = [
    { url = "https://files.pythonhosted.org/packages/a2/09/77d55d46fd61b4a135c444fc97158ef34a095e5681d0a6c10b75bf356191/sympy-1.14.0-py3-none-any.whl", hash = "sha256:e091cc3e99d2141a0ba2847328f5479b05d94a6635cb96148ccb3f34671bd8f5", size = 6299353, upload-time = "2025-04-27T18:04:59.103Z" },
]

[[package]]
name = "threadpoolctl"
version = "3.6.0"
source = { registry = "https://pypi.org/simple" }
sdist = { url = "https://files.pythonhosted.org/packages/b7/4d/08c89e34946fce2aec4fbb45c9016efd5f4d7f24af8e5d93296e935631d8/threadpoolctl-3.6.0.tar.gz", hash = "sha256:8ab8b4aa3491d812b623328249fab5302a68d2d71745c8a4c719a2fcaba9f44e", size = 21274, upload-time = "2025-03-13T13:49:23.031Z" }
wheels = [
    { url = "https://files.pythonhosted.org/packages/32/d5/f9a850d79b0851d1d4ef6456097579a9005b31fea68726a4ae5f2d82ddd9/threadpoolctl-3.6.0-py3-none-any.whl", hash = "sha256:43a0b8fd5a2928500110039e43a5eed8480b918967083ea48dc3ab9f13c4a7fb", size = 18638, upload-time = "2025-03-13T13:49:21.846Z" },
]

[[package]]
name = "torch"
version = "2.11.0.dev20260210+cu128"
source = { registry = "https://download.pytorch.org/whl/nightly/cu128" }
dependencies = [
    { name = "filelock", marker = "sys_platform == 'win32'" },
    { name = "fsspec", marker = "sys_platform == 'win32'" },
    { name = "jinja2", marker = "sys_platform == 'win32'" },
    { name = "networkx", marker = "sys_platform == 'win32'" },
    { name = "sympy", marker = "sys_platform == 'win32'" },
    { name = "typing-extensions", marker = "sys_platform == 'win32'" },
]
wheels = [
    { url = "https://download-r2.pytorch.org/whl/nightly/cu128/torch-2.11.0.dev20260210%2Bcu128-cp311-cp311-win_amd64.whl" },
]

[[package]]
name = "torchaudio"
version = "2.11.0.dev20260210+cu128"
source = { registry = "https://download.pytorch.org/whl/nightly/cu128" }
wheels = [
    { url = "https://download-r2.pytorch.org/whl/nightly/cu128/torchaudio-2.11.0.dev20260210%2Bcu128-cp311-cp311-win_amd64.whl" },
]

[[package]]
name = "torchvision"
version = "0.26.0.dev20260210+cu128"
source = { registry = "https://download.pytorch.org/whl/nightly/cu128" }
dependencies = [
    { name = "numpy", marker = "sys_platform == 'win32'" },
    { name = "pillow", marker = "sys_platform == 'win32'" },
    { name = "torch", marker = "sys_platform == 'win32'" },
]
wheels = [
    { url = "https://download-r2.pytorch.org/whl/nightly/cu128/torchvision-0.26.0.dev20260210%2Bcu128-cp311-cp311-win_amd64.whl" },
]

[[package]]
name = "tqdm"
version = "4.67.3"
source = { registry = "https://pypi.org/simple" }
dependencies = [
    { name = "colorama", marker = "sys_platform == 'win32'" },
]
sdist = { url = "https://files.pythonhosted.org/packages/09/a9/6ba95a270c6f1fbcd8dac228323f2777d886cb206987444e4bce66338dd4/tqdm-4.67.3.tar.gz", hash = "sha256:7d825f03f89244ef73f1d4ce193cb1774a8179fd96f31d7e1dcde62092b960bb", size = 169598, upload-time = "2026-02-03T17:35:53.048Z" }
wheels = [
    { url = "https://files.pythonhosted.org/packages/16/e1/3079a9ff9b8e11b846c6ac5c8b5bfb7ff225eee721825310c91b3b50304f/tqdm-4.67.3-py3-none-any.whl", hash = "sha256:ee1e4c0e59148062281c49d80b25b67771a127c85fc9676d3be5f243206826bf", size = 78374, upload-time = "2026-02-03T17:35:50.982Z" },
]

[[package]]
name = "typing-extensions"
version = "4.15.0"
source = { registry = "https://pypi.org/simple" }
sdist = { url = "https://files.pythonhosted.org/packages/72/94/1a15dd82efb362ac84269196e94cf00f187f7ed21c242792a923cdb1c61f/typing_extensions-4.15.0.tar.gz", hash = "sha256:0cea48d173cc12fa28ecabc3b837ea3cf6f38c6d1136f85cbaaf598984861466", size = 109391, upload-time = "2025-08-25T13:49:26.313Z" }
wheels = [
    { url = "https://files.pythonhosted.org/packages/18/67/36e9267722cc04a6b9f15c7f3441c2363321a3ea07da7ae0c0707beb2a9c/typing_extensions-4.15.0-py3-none-any.whl", hash = "sha256:f0fa19c6845758ab08074a0cfa8b7aecb71c999ca73d62883bc25cc018c4e548", size = 44614, upload-time = "2025-08-25T13:49:24.86Z" },
]

[[package]]
name = "tzdata"
version = "2025.3"
source = { registry = "https://pypi.org/simple" }
sdist = { url = "https://files.pythonhosted.org/packages/5e/a7/c202b344c5ca7daf398f3b8a477eeb205cf3b6f32e7ec3a6bac0629ca975/tzdata-2025.3.tar.gz", hash = "sha256:de39c2ca5dc7b0344f2eba86f49d614019d29f060fc4ebc8a417896a620b56a7", size = 196772, upload-time = "2025-12-13T17:45:35.667Z" }
wheels = [
    { url = "https://files.pythonhosted.org/packages/c7/b0/003792df09decd6849a5e39c28b513c06e84436a54440380862b5aeff25d/tzdata-2025.3-py2.py3-none-any.whl", hash = "sha256:06a47e5700f3081aab02b2e513160914ff0694bce9947d6b76ebd6bf57cfc5d1", size = 348521, upload-time = "2025-12-13T17:45:33.889Z" },
]
